{
    "_readme": [
        "This file locks the dependencies of your project to a known state",
        "Read more about it at https://getcomposer.org/doc/01-basic-usage.md#installing-dependencies",
        "This file is @generated automatically"
    ],
    "content-hash": "e5372e678d8f705c547d6d9670aded07",
    "packages": [],
    "packages-dev": [
        {
            "name": "qossmic/deptrac-shim",
            "version": "0.22.0",
            "source": {
                "type": "git",
                "url": "https://github.com/qossmic/deptrac-shim.git",
                "reference": "d88c530406530f96720251e6d92b27e02ebf1173"
            },
            "dist": {
                "type": "zip",
                "url": "https://api.github.com/repos/qossmic/deptrac-shim/zipball/d88c530406530f96720251e6d92b27e02ebf1173",
                "reference": "d88c530406530f96720251e6d92b27e02ebf1173",
                "shasum": ""
            },
            "require": {
                "ext-json": "*",
                "ext-tokenizer": "*",
                "ext-zlib": "*",
                "php": "^7.4 || 8.0.* || 8.1.*"
            },
            "replace": {
                "qossmic/deptrac": "self.version"
            },
            "suggest": {
                "ext-dom": "For using the JUnit output formatter"
            },
            "bin": [
                "deptrac"
            ],
            "type": "library",
            "notification-url": "https://packagist.org/downloads/",
            "license": [
                "MIT"
            ],
            "authors": [
                {
                    "name": "Simon Mönch",
                    "email": "simon.moench@qossmic.com",
                    "role": "maintainer"
                },
                {
                    "name": "Denis Brumann",
                    "email": "denis.brumann@qossmic.com",
                    "role": "maintainer"
                }
            ],
            "description": "deptrac phar distribution",
            "support": {
                "issues": "https://github.com/qossmic/deptrac-shim/issues",
                "source": "https://github.com/qossmic/deptrac-shim/tree/0.22.0"
            },
            "time": "2022-06-10T13:14:21+00:00"
        }
    ],
    "aliases": [],
    "minimum-stability": "stable",
    "stability-flags": [],
    "prefer-stable": false,
    "prefer-lowest": false,
    "platform": [],
    "platform-dev": [],
    "plugin-api-version": "2.3.0"
}
